
Microsoft Visual Studio Solution File, Format Version 12.00
# Visual Studio Version 17
VisualStudioVersion = 17.2.32616.157
MinimumVisualStudioVersion = 10.0.40219.1
Project("{FAE04EC0-301F-11D3-BF4B-00C04F79EFBC}") = "HomeApp.UWP", "HomeApp.UWP\HomeApp.UWP.csproj", "{AEC05AF7-F07C-4B2A-9F45-7968401213B3}"
EndProject
Project("{FAE04EC0-301F-11D3-BF4B-00C04F79EFBC}") = "HomeApp.Android", "HomeApp.Android\HomeApp.Android.csproj", "{1CC13AF2-E67A-4BC8-98B7-786CF29B6D30}"
EndProject
Project("{FAE04EC0-301F-11D3-BF4B-00C04F79EFBC}") = "HomeApp.iOS", "HomeApp.iOS\HomeApp.iOS.csproj", "{26EA9882-5BB9-4C65-879F-C2329D51689A}"
EndProject
Project("{FAE04EC0-301F-11D3-BF4B-00C04F79EFBC}") = "HomeApp", "HomeApp\HomeApp.csproj", "{06DC48F4-A6B1-48F1-AD04-0998E35D8BC1}"
EndProject
Global
	GlobalSection(SolutionConfigurationPlatforms) = preSolution
		Debug|Any CPU = Debug|Any CPU
		Debug|ARM = Debug|ARM
		Debug|iPhone = Debug|iPhone
		Debug|iPhoneSimulator = Debug|iPhoneSimulator
		Debug|x64 = Debug|x64
		Debug|x86 = Debug|x86
		Release|Any CPU = Release|Any CPU
		Release|ARM = Release|ARM
		Release|iPhone = Release|iPhone
		Release|iPhoneSimulator = Release|iPhoneSimulator
		Release|x64 = Release|x64
		Release|x86 = Release|x86
	EndGlobalSection
	GlobalSection(ProjectConfigurationPlatforms) = postSolution
		{AEC05AF7-F07C-4B2A-9F45-7968401213B3}.Debug|Any CPU.ActiveCfg = Debug|x64
		{AEC05AF7-F07C-4B2A-9F45-7968401213B3}.Debug|Any CPU.Build.0 = Debug|x64
		{AEC05AF7-F07C-4B2A-9F45-7968401213B3}.Debug|Any CPU.Deploy.0 = Debug|x64
		{AEC05AF7-F07C-4B2A-9F45-7968401213B3}.Debug|ARM.ActiveCfg = Debug|ARM
		{AEC05AF7-F07C-4B2A-9F45-7968401213B3}.Debug|ARM.Build.0 = Debug|ARM
		{AEC05AF7-F07C-4B2A-9F45-7968401213B3}.Debug|ARM.Deploy.0 = Debug|ARM
		{AEC05AF7-F07C-4B2A-9F45-7968401213B3}.Debug|iPhone.ActiveCfg = Debug|x64
		{AEC05AF7-F07C-4B2A-9F45-7968401213B3}.Debug|iPhone.Build.0 = Debug|x64
		{AEC05AF7-F07C-4B2A-9F45-7968401213B3}.Debug|iPhone.Deploy.0 = Debug|x64
		{AEC05AF7-F07C-4B2A-9F45-7968401213B3}.Debug|iPhoneSimulator.ActiveCfg = Debug|x64
		{AEC05AF7-F07C-4B2A-9F45-7968401213B3}.Debug|iPhoneSimulator.Build.0 = Debug|x64
		{AEC05AF7-F07C-4B2A-9F45-7968401213B3}.Debug|iPhoneSimulator.Deploy.0 = Debug|x64
		{AEC05AF7-F07C-4B2A-9F45-7968401213B3}.Debug|x64.ActiveCfg = Debug|x64
		{AEC05AF7-F07C-4B2A-9F45-7968401213B3}.Debug|x64.Build.0 = Debug|x64
		{AEC05AF7-F07C-4B2A-9F45-7968401213B3}.Debug|x64.Deploy.0 = Debug|x64
		{AEC05AF7-F07C-4B2A-9F45-7968401213B3}.Debug|x86.ActiveCfg = Debug|x86
		{AEC05AF7-F07C-4B2A-9F45-7968401213B3}.Debug|x86.Build.0 = Debug|x86
		{AEC05AF7-F07C-4B2A-9F45-7968401213B3}.Debug|x86.Deploy.0 = Debug|x86
		{AEC05AF7-F07C-4B2A-9F45-7968401213B3}.Release|Any CPU.ActiveCfg = Release|x64
		{AEC05AF7-F07C-4B2A-9F45-7968401213B3}.Release|Any CPU.Build.0 = Release|x64
		{AEC05AF7-F07C-4B2A-9F45-7968401213B3}.Release|Any CPU.Deploy.0 = Release|x64
		{AEC05AF7-F07C-4B2A-9F45-7968401213B3}.Release|ARM.ActiveCfg = Release|ARM
		{AEC05AF7-F07C-4B2A-9F45-7968401213B3}.Release|ARM.Build.0 = Release|ARM
		{AEC05AF7-F07C-4B2A-9F45-7968401213B3}.Release|ARM.Deploy.0 = Release|ARM
		{AEC05AF7-F07C-4B2A-9F45-7968401213B3}.Release|iPhone.ActiveCfg = Release|x64
		{AEC05AF7-F07C-4B2A-9F45-7968401213B3}.Release|iPhone.Build.0 = Release|x64
		{AEC05AF7-F07C-4B2A-9F45-7968401213B3}.Release|iPhone.Deploy.0 = Release|x64
		{AEC05AF7-F07C-4B2A-9F45-7968401213B3}.Release|iPhoneSimulator.ActiveCfg = Release|x64
		{AEC05AF7-F07C-4B2A-9F45-7968401213B3}.Release|iPhoneSimulator.Build.0 = Release|x64
		{AEC05AF7-F07C-4B2A-9F45-7968401213B3}.Release|iPhoneSimulator.Deploy.0 = Release|x64
		{AEC05AF7-F07C-4B2A-9F45-7968401213B3}.Release|x64.ActiveCfg = Release|x64
		{AEC05AF7-F07C-4B2A-9F45-7968401213B3}.Release|x64.Build.0 = Release|x64
		{AEC05AF7-F07C-4B2A-9F45-7968401213B3}.Release|x64.Deploy.0 = Release|x64
		{AEC05AF7-F07C-4B2A-9F45-7968401213B3}.Release|x86.ActiveCfg = Release|x86
		{AEC05AF7-F07C-4B2A-9F45-7968401213B3}.Release|x86.Build.0 = Release|x86
		{AEC05AF7-F07C-4B2A-9F45-7968401213B3}.Release|x86.Deploy.0 = Release|x86
		{1CC13AF2-E67A-4BC8-98B7-786CF29B6D30}.Debug|Any CPU.ActiveCfg = Debug|Any CPU
		{1CC13AF2-E67A-4BC8-98B7-786CF29B6D30}.Debug|Any CPU.Build.0 = Debug|Any CPU
		{1CC13AF2-E67A-4BC8-98B7-786CF29B6D30}.Debug|Any CPU.Deploy.0 = Debug|Any CPU
		{1CC13AF2-E67A-4BC8-98B7-786CF29B6D30}.Debug|ARM.ActiveCfg = Debug|Any CPU
		{1CC13AF2-E67A-4BC8-98B7-786CF29B6D30}.Debug|ARM.Build.0 = Debug|Any CPU
		{1CC13AF2-E67A-4BC8-98B7-786CF29B6D30}.Debug|ARM.Deploy.0 = Debug|Any CPU
		{1CC13AF2-E67A-4BC8-98B7-786CF29B6D30}.Debug|iPhone.ActiveCfg = Debug|Any CPU
		{1CC13AF2-E67A-4BC8-98B7-786CF29B6D30}.Debug|iPhone.Build.0 = Debug|Any CPU
		{1CC13AF2-E67A-4BC8-98B7-786CF29B6D30}.Debug|iPhone.Deploy.0 = Debug|Any CPU
		{1CC13AF2-E67A-4BC8-98B7-786CF29B6D30}.Debug|iPhoneSimulator.ActiveCfg = Debug|Any CPU
		{1CC13AF2-E67A-4BC8-98B7-786CF29B6D30}.Debug|iPhoneSimulator.Build.0 = Debug|Any CPU
		{1CC13AF2-E67A-4BC8-98B7-786CF29B6D30}.Debug|iPhoneSimulator.Deploy.0 = Debug|Any CPU
		{1CC13AF2-E67A-4BC8-98B7-786CF29B6D30}.Debug|x64.ActiveCfg = Debug|Any CPU
		{1CC13AF2-E67A-4BC8-98B7-786CF29B6D30}.Debug|x64.Build.0 = Debug|Any CPU
		{1CC13AF2-E67A-4BC8-98B7-786CF29B6D30}.Debug|x64.Deploy.0 = Debug|Any CPU
		{1CC13AF2-E67A-4BC8-98B7-786CF29B6D30}.Debug|x86.ActiveCfg = Debug|Any CPU
		{1CC13AF2-E67A-4BC8-98B7-786CF29B6D30}.Debug|x86.Build.0 = Debug|Any CPU
		{1CC13AF2-E67A-4BC8-98B7-786CF29B6D30}.Debug|x86.Deploy.0 = Debug|Any CPU
		{1CC13AF2-E67A-4BC8-98B7-786CF29B6D30}.Release|Any CPU.ActiveCfg = Release|Any CPU
		{1CC13AF2-E67A-4BC8-98B7-786CF29B6D30}.Release|Any CPU.Build.0 = Release|Any CPU
		{1CC13AF2-E67A-4BC8-98B7-786CF29B6D30}.Release|Any CPU.Deploy.0 = Release|Any CPU
		{1CC13AF2-E67A-4BC8-98B7-786CF29B6D30}.Release|ARM.ActiveCfg = Release|Any CPU
		{1CC13AF2-E67A-4BC8-98B7-786CF29B6D30}.Release|ARM.Build.0 = Release|Any CPU
		{1CC13AF2-E67A-4BC8-98B7-786CF29B6D30}.Release|ARM.Deploy.0 = Release|Any CPU
		{1CC13AF2-E67A-4BC8-98B7-786CF29B6D30}.Release|iPhone.ActiveCfg = Release|Any CPU
		{1CC13AF2-E67A-4BC8-98B7-786CF29B6D30}.Release|iPhone.Build.0 = Release|Any CPU
		{1CC13AF2-E67A-4BC8-98B7-786CF29B6D30}.Release|iPhone.Deploy.0 = Release|Any CPU
		{1CC13AF2-E67A-4BC8-98B7-786CF29B6D30}.Release|iPhoneSimulator.ActiveCfg = Release|Any CPU
		{1CC13AF2-E67A-4BC8-98B7-786CF29B6D30}.Release|iPhoneSimulator.Build.0 = Release|Any CPU
		{1CC13AF2-E67A-4BC8-98B7-786CF29B6D30}.Release|iPhoneSimulator.Deploy.0 = Release|Any CPU
		{1CC13AF2-E67A-4BC8-98B7-786CF29B6D30}.Release|x64.ActiveCfg = Release|Any CPU
		{1CC13AF2-E67A-4BC8-98B7-786CF29B6D30}.Release|x64.Build.0 = Release|Any CPU
		{1CC13AF2-E67A-4BC8-98B7-786CF29B6D30}.Release|x64.Deploy.0 = Release|Any CPU
		{1CC13AF2-E67A-4BC8-98B7-786CF29B6D30}.Release|x86.ActiveCfg = Release|Any CPU
		{1CC13AF2-E67A-4BC8-98B7-786CF29B6D30}.Release|x86.Build.0 = Release|Any CPU
		{1CC13AF2-E67A-4BC8-98B7-786CF29B6D30}.Release|x86.Deploy.0 = Release|Any CPU
		{26EA9882-5BB9-4C65-879F-C2329D51689A}.Debug|Any CPU.ActiveCfg = Debug|iPhoneSimulator
		{26EA9882-5BB9-4C65-879F-C2329D51689A}.Debug|Any CPU.Build.0 = Debug|iPhoneSimulator
		{26EA9882-5BB9-4C65-879F-C2329D51689A}.Debug|Any CPU.Deploy.0 = Debug|iPhoneSimulator
		{26EA9882-5BB9-4C65-879F-C2329D51689A}.Debug|ARM.ActiveCfg = Debug|iPhoneSimulator
		{26EA9882-5BB9-4C65-879F-C2329D51689A}.Debug|ARM.Build.0 = Debug|iPhoneSimulator
		{26EA9882-5BB9-4C65-879F-C2329D51689A}.Debug|ARM.Deploy.0 = Debug|iPhoneSimulator
		{26EA9882-5BB9-4C65-879F-C2329D51689A}.Debug|iPhone.ActiveCfg = Debug|iPhone
		{26EA9882-5BB9-4C65-879F-C2329D51689A}.Debug|iPhone.Build.0 = Debug|iPhone
		{26EA9882-5BB9-4C65-879F-C2329D51689A}.Debug|iPhone.Deploy.0 = Debug|iPhone
		{26EA9882-5BB9-4C65-879F-C2329D51689A}.Debug|iPhoneSimulator.ActiveCfg = Debug|iPhoneSimulator
		{26EA9882-5BB9-4C65-879F-C2329D51689A}.Debug|iPhoneSimulator.Build.0 = Debug|iPhoneSimulator
		{26EA9882-5BB9-4C65-879F-C2329D51689A}.Debug|iPhoneSimulator.Deploy.0 = Debug|iPhoneSimulator
		{26EA9882-5BB9-4C65-879F-C2329D51689A}.Debug|x64.ActiveCfg = Debug|iPhone
		{26EA9882-5BB9-4C65-879F-C2329D51689A}.Debug|x64.Build.0 = Debug|iPhone
		{26EA9882-5BB9-4C65-879F-C2329D51689A}.Debug|x64.Deploy.0 = Debug|iPhone
		{26EA9882-5BB9-4C65-879F-C2329D51689A}.Debug|x86.ActiveCfg = Debug|iPhoneSimulator
		{26EA9882-5BB9-4C65-879F-C2329D51689A}.Debug|x86.Build.0 = Debug|iPhoneSimulator
		{26EA9882-5BB9-4C65-879F-C2329D51689A}.Debug|x86.Deploy.0 = Debug|iPhoneSimulator
		{26EA9882-5BB9-4C65-879F-C2329D51689A}.Release|Any CPU.ActiveCfg = Release|iPhoneSimulator
		{26EA9882-5BB9-4C65-879F-C2329D51689A}.Release|Any CPU.Build.0 = Release|iPhoneSimulator
		{26EA9882-5BB9-4C65-879F-C2329D51689A}.Release|Any CPU.Deploy.0 = Release|iPhoneSimulator
		{26EA9882-5BB9-4C65-879F-C2329D51689A}.Release|ARM.ActiveCfg = Release|iPhoneSimulator
		{26EA9882-5BB9-4C65-879F-C2329D51689A}.Release|ARM.Build.0 = Release|iPhoneSimulator
		{26EA9882-5BB9-4C65-879F-C2329D51689A}.Release|ARM.Deploy.0 = Release|iPhoneSimulator
		{26EA9882-5BB9-4C65-879F-C2329D51689A}.Release|iPhone.ActiveCfg = Release|iPhone
		{26EA9882-5BB9-4C65-879F-C2329D51689A}.Release|iPhone.Build.0 = Release|iPhone
		{26EA9882-5BB9-4C65-879F-C2329D51689A}.Release|iPhone.Deploy.0 = Release|iPhone
		{26EA9882-5BB9-4C65-879F-C2329D51689A}.Release|iPhoneSimulator.ActiveCfg = Release|iPhoneSimulator
		{26EA9882-5BB9-4C65-879F-C2329D51689A}.Release|iPhoneSimulator.Build.0 = Release|iPhoneSimulator
		{26EA9882-5BB9-4C65-879F-C2329D51689A}.Release|iPhoneSimulator.Deploy.0 = Release|iPhoneSimulator
		{26EA9882-5BB9-4C65-879F-C2329D51689A}.Release|x64.ActiveCfg = Release|iPhoneSimulator
		{26EA9882-5BB9-4C65-879F-C2329D51689A}.Release|x64.Build.0 = Release|iPhoneSimulator
		{26EA9882-5BB9-4C65-879F-C2329D51689A}.Release|x64.Deploy.0 = Release|iPhoneSimulator
		{26EA9882-5BB9-4C65-879F-C2329D51689A}.Release|x86.ActiveCfg = Release|iPhoneSimulator
		{26EA9882-5BB9-4C65-879F-C2329D51689A}.Release|x86.Build.0 = Release|iPhoneSimulator
		{26EA9882-5BB9-4C65-879F-C2329D51689A}.Release|x86.Deploy.0 = Release|iPhoneSimulator
		{06DC48F4-A6B1-48F1-AD04-0998E35D8BC1}.Debug|Any CPU.ActiveCfg = Debug|Any CPU
		{06DC48F4-A6B1-48F1-AD04-0998E35D8BC1}.Debug|Any CPU.Build.0 = Debug|Any CPU
		{06DC48F4-A6B1-48F1-AD04-0998E35D8BC1}.Debug|Any CPU.Deploy.0 = Debug|Any CPU
		{06DC48F4-A6B1-48F1-AD04-0998E35D8BC1}.Debug|ARM.ActiveCfg = Debug|Any CPU
		{06DC48F4-A6B1-48F1-AD04-0998E35D8BC1}.Debug|ARM.Build.0 = Debug|Any CPU
		{06DC48F4-A6B1-48F1-AD04-0998E35D8BC1}.Debug|ARM.Deploy.0 = Debug|Any CPU
		{06DC48F4-A6B1-48F1-AD04-0998E35D8BC1}.Debug|iPhone.ActiveCfg = Debug|Any CPU
		{06DC48F4-A6B1-48F1-AD04-0998E35D8BC1}.Debug|iPhone.Build.0 = Debug|Any CPU
		{06DC48F4-A6B1-48F1-AD04-0998E35D8BC1}.Debug|iPhone.Deploy.0 = Debug|Any CPU
		{06DC48F4-A6B1-48F1-AD04-0998E35D8BC1}.Debug|iPhoneSimulator.ActiveCfg = Debug|Any CPU
		{06DC48F4-A6B1-48F1-AD04-0998E35D8BC1}.Debug|iPhoneSimulator.Build.0 = Debug|Any CPU
		{06DC48F4-A6B1-48F1-AD04-0998E35D8BC1}.Debug|iPhoneSimulator.Deploy.0 = Debug|Any CPU
		{06DC48F4-A6B1-48F1-AD04-0998E35D8BC1}.Debug|x64.ActiveCfg = Debug|Any CPU
		{06DC48F4-A6B1-48F1-AD04-0998E35D8BC1}.Debug|x64.Build.0 = Debug|Any CPU
		{06DC48F4-A6B1-48F1-AD04-0998E35D8BC1}.Debug|x64.Deploy.0 = Debug|Any CPU
		{06DC48F4-A6B1-48F1-AD04-0998E35D8BC1}.Debug|x86.ActiveCfg = Debug|Any CPU
		{06DC48F4-A6B1-48F1-AD04-0998E35D8BC1}.Debug|x86.Build.0 = Debug|Any CPU
		{06DC48F4-A6B1-48F1-AD04-0998E35D8BC1}.Debug|x86.Deploy.0 = Debug|Any CPU
		{06DC48F4-A6B1-48F1-AD04-0998E35D8BC1}.Release|Any CPU.ActiveCfg = Release|Any CPU
		{06DC48F4-A6B1-48F1-AD04-0998E35D8BC1}.Release|Any CPU.Build.0 = Release|Any CPU
		{06DC48F4-A6B1-48F1-AD04-0998E35D8BC1}.Release|Any CPU.Deploy.0 = Release|Any CPU
		{06DC48F4-A6B1-48F1-AD04-0998E35D8BC1}.Release|ARM.ActiveCfg = Release|Any CPU
		{06DC48F4-A6B1-48F1-AD04-0998E35D8BC1}.Release|ARM.Build.0 = Release|Any CPU
		{06DC48F4-A6B1-48F1-AD04-0998E35D8BC1}.Release|ARM.Deploy.0 = Release|Any CPU
		{06DC48F4-A6B1-48F1-AD04-0998E35D8BC1}.Release|iPhone.ActiveCfg = Release|Any CPU
		{06DC48F4-A6B1-48F1-AD04-0998E35D8BC1}.Release|iPhone.Build.0 = Release|Any CPU
		{06DC48F4-A6B1-48F1-AD04-0998E35D8BC1}.Release|iPhone.Deploy.0 = Release|Any CPU
		{06DC48F4-A6B1-48F1-AD04-0998E35D8BC1}.Release|iPhoneSimulator.ActiveCfg = Release|Any CPU
		{06DC48F4-A6B1-48F1-AD04-0998E35D8BC1}.Release|iPhoneSimulator.Build.0 = Release|Any CPU
		{06DC48F4-A6B1-48F1-AD04-0998E35D8BC1}.Release|iPhoneSimulator.Deploy.0 = Release|Any CPU
		{06DC48F4-A6B1-48F1-AD04-0998E35D8BC1}.Release|x64.ActiveCfg = Release|Any CPU
		{06DC48F4-A6B1-48F1-AD04-0998E35D8BC1}.Release|x64.Build.0 = Release|Any CPU
		{06DC48F4-A6B1-48F1-AD04-0998E35D8BC1}.Release|x64.Deploy.0 = Release|Any CPU
		{06DC48F4-A6B1-48F1-AD04-0998E35D8BC1}.Release|x86.ActiveCfg = Release|Any CPU
		{06DC48F4-A6B1-48F1-AD04-0998E35D8BC1}.Release|x86.Build.0 = Release|Any CPU
		{06DC48F4-A6B1-48F1-AD04-0998E35D8BC1}.Release|x86.Deploy.0 = Release|Any CPU
	EndGlobalSection
	GlobalSection(SolutionProperties) = preSolution
		HideSolutionNode = FALSE
	EndGlobalSection
	GlobalSection(ExtensibilityGlobals) = postSolution
		SolutionGuid = {301F44B8-E633-49E8-9876-DA54480BC606}
	EndGlobalSection
EndGlobal
